
Microsoft Visual Studio Solution File, Format Version 12.00
# Visual Studio Version 17
VisualStudioVersion = 17.11.35327.3
MinimumVisualStudioVersion = 10.0.40219.1
Project("{FAE04EC0-301F-11D3-BF4B-00C04F79EFBC}") = "MethodsOaip", "MethodsOaip\MethodsOaip.csproj", "{A01791C1-452D-41E7-B224-FC824FE0F791}"
EndProject
Global
	GlobalSection(SolutionConfigurationPlatforms) = preSolution
		Debug|Any CPU = Debug|Any CPU
		Release|Any CPU = Release|Any CPU
	EndGlobalSection
	GlobalSection(ProjectConfigurationPlatforms) = postSolution
		{A01791C1-452D-41E7-B224-FC824FE0F791}.Debug|Any CPU.ActiveCfg = Debug|Any CPU
		{A01791C1-452D-41E7-B224-FC824FE0F791}.Debug|Any CPU.Build.0 = Debug|Any CPU
		{A01791C1-452D-41E7-B224-FC824FE0F791}.Release|Any CPU.ActiveCfg = Release|Any CPU
		{A01791C1-452D-41E7-B224-FC824FE0F791}.Release|Any CPU.Build.0 = Release|Any CPU
	EndGlobalSection
	GlobalSection(SolutionProperties) = preSolution
		HideSolutionNode = FALSE
	EndGlobalSection
	GlobalSection(ExtensibilityGlobals) = postSolution
		SolutionGuid = {248AD5D7-F0A8-4A80-95CF-9EEC1D6E5A6F}
	EndGlobalSection
EndGlobal
